
Microsoft Visual Studio Solution File, Format Version 12.00
# Visual Studio 15
VisualStudioVersion = 15.0.26124.0
MinimumVisualStudioVersion = 15.0.26124.0
Project("{FAE04EC0-301F-11D3-BF4B-00C04F79EFBC}") = "Esertifikasi.Api", "Esertifikasi.Api\Esertifikasi.Api.csproj", "{A82D1595-2E7B-4F80-8E5A-DCF07FC58C13}"
EndProject
Project("{FAE04EC0-301F-11D3-BF4B-00C04F79EFBC}") = "Esertifikasi.Api.IntegrationTests", "Esertifikasi.Api.IntegrationTests\Esertifikasi.Api.IntegrationTests.csproj", "{A2A221F8-8D99-4A4F-91DC-C2954DF6C78C}"
EndProject
Global
	GlobalSection(SolutionConfigurationPlatforms) = preSolution
		Debug|Any CPU = Debug|Any CPU
		Debug|x64 = Debug|x64
		Debug|x86 = Debug|x86
		Release|Any CPU = Release|Any CPU
		Release|x64 = Release|x64
		Release|x86 = Release|x86
	EndGlobalSection
	GlobalSection(SolutionProperties) = preSolution
		HideSolutionNode = FALSE
	EndGlobalSection
	GlobalSection(ProjectConfigurationPlatforms) = postSolution
		{A82D1595-2E7B-4F80-8E5A-DCF07FC58C13}.Debug|Any CPU.ActiveCfg = Debug|Any CPU
		{A82D1595-2E7B-4F80-8E5A-DCF07FC58C13}.Debug|Any CPU.Build.0 = Debug|Any CPU
		{A82D1595-2E7B-4F80-8E5A-DCF07FC58C13}.Debug|x64.ActiveCfg = Debug|Any CPU
		{A82D1595-2E7B-4F80-8E5A-DCF07FC58C13}.Debug|x64.Build.0 = Debug|Any CPU
		{A82D1595-2E7B-4F80-8E5A-DCF07FC58C13}.Debug|x86.ActiveCfg = Debug|Any CPU
		{A82D1595-2E7B-4F80-8E5A-DCF07FC58C13}.Debug|x86.Build.0 = Debug|Any CPU
		{A82D1595-2E7B-4F80-8E5A-DCF07FC58C13}.Release|Any CPU.ActiveCfg = Release|Any CPU
		{A82D1595-2E7B-4F80-8E5A-DCF07FC58C13}.Release|Any CPU.Build.0 = Release|Any CPU
		{A82D1595-2E7B-4F80-8E5A-DCF07FC58C13}.Release|x64.ActiveCfg = Release|Any CPU
		{A82D1595-2E7B-4F80-8E5A-DCF07FC58C13}.Release|x64.Build.0 = Release|Any CPU
		{A82D1595-2E7B-4F80-8E5A-DCF07FC58C13}.Release|x86.ActiveCfg = Release|Any CPU
		{A82D1595-2E7B-4F80-8E5A-DCF07FC58C13}.Release|x86.Build.0 = Release|Any CPU
		{A2A221F8-8D99-4A4F-91DC-C2954DF6C78C}.Debug|Any CPU.ActiveCfg = Debug|Any CPU
		{A2A221F8-8D99-4A4F-91DC-C2954DF6C78C}.Debug|Any CPU.Build.0 = Debug|Any CPU
		{A2A221F8-8D99-4A4F-91DC-C2954DF6C78C}.Debug|x64.ActiveCfg = Debug|Any CPU
		{A2A221F8-8D99-4A4F-91DC-C2954DF6C78C}.Debug|x64.Build.0 = Debug|Any CPU
		{A2A221F8-8D99-4A4F-91DC-C2954DF6C78C}.Debug|x86.ActiveCfg = Debug|Any CPU
		{A2A221F8-8D99-4A4F-91DC-C2954DF6C78C}.Debug|x86.Build.0 = Debug|Any CPU
		{A2A221F8-8D99-4A4F-91DC-C2954DF6C78C}.Release|Any CPU.ActiveCfg = Release|Any CPU
		{A2A221F8-8D99-4A4F-91DC-C2954DF6C78C}.Release|Any CPU.Build.0 = Release|Any CPU
		{A2A221F8-8D99-4A4F-91DC-C2954DF6C78C}.Release|x64.ActiveCfg = Release|Any CPU
		{A2A221F8-8D99-4A4F-91DC-C2954DF6C78C}.Release|x64.Build.0 = Release|Any CPU
		{A2A221F8-8D99-4A4F-91DC-C2954DF6C78C}.Release|x86.ActiveCfg = Release|Any CPU
		{A2A221F8-8D99-4A4F-91DC-C2954DF6C78C}.Release|x86.Build.0 = Release|Any CPU
	EndGlobalSection
EndGlobal
